<?xml version="1.0" encoding="UTF-8" standalone="yes" ?>
<CodeBlocks_project_file>
	<FileVersion major="1" minor="6" />
	<Project>
		<Option title="BlackDog" />
		<Option pch_mode="2" />
		<Option compiler="gcc" />
		<Build>
			<Target title="Debug">
				<Option output="bin/Debug/BlackDog" prefix_auto="1" extension_auto="1" />
				<Option object_output="obj/Debug/" />
				<Option type="1" />
				<Option compiler="gcc" />
				<Compiler>
					<Add option="-g" />
				</Compiler>
			</Target>
			<Target title="Release">
				<Option output="bin/Release/BlackDog" prefix_auto="1" extension_auto="1" />
				<Option object_output="obj/Release/" />
				<Option type="1" />
				<Option compiler="gcc" />
				<Compiler>
					<Add option="-O2" />
				</Compiler>
				<Linker>
					<Add option="-s" />
				</Linker>
			</Target>
		</Build>
		<Compiler>
			<Add option="-Wall" />
			<Add option="-DSDL_NO_COMPAT" />
			<Add directory="/usr/local/include/SDL" />
			<Add directory="/usr/include/SDL" />
		</Compiler>
		<Linker>
			<Add option="-lSDL_image" />
			<Add option="-lGL" />
			<Add option="-lSDL_mixer" />
			<Add library="/usr/local/lib/libSDL-1.3.so" />
			<Add directory="/usr/local/lib" />
		</Linker>
		<Unit filename="Android.mk" />
		<Unit filename="Application.cpp" />
		<Unit filename="Application.hpp" />
		<Unit filename="BlackDogApplication.cpp" />
		<Unit filename="BlackDogApplication.hpp" />
		<Unit filename="assert.hpp" />
		<Unit filename="gameplay/Tunnel.cpp" />
		<Unit filename="gameplay/Tunnel.hpp" />
		<Unit filename="gameplay/TunnelBG.cpp" />
		<Unit filename="gameplay/TunnelBG.hpp" />
		<Unit filename="gameplay/TunnelFG.cpp" />
		<Unit filename="gameplay/TunnelFG.hpp" />
		<Unit filename="gameplay/things/AngelThing.cpp" />
		<Unit filename="gameplay/things/AngelThing.hpp" />
		<Unit filename="gameplay/things/CloakThing.hpp" />
		<Unit filename="gameplay/things/FeatherThing.hpp" />
		<Unit filename="gameplay/things/Thing.cpp" />
		<Unit filename="gameplay/things/Thing.hpp" />
		<Unit filename="gameplay/things/WeightThing.hpp" />
		<Unit filename="gameplay/things/elements/AnimatedElement.cpp" />
		<Unit filename="gameplay/things/elements/AnimatedElement.hpp" />
		<Unit filename="gameplay/things/elements/ColliderElement.cpp" />
		<Unit filename="gameplay/things/elements/ColliderElement.hpp" />
		<Unit filename="gameplay/things/elements/GraphicElement.cpp" />
		<Unit filename="gameplay/things/elements/GraphicElement.hpp" />
		<Unit filename="gameplay/things/elements/MovementElement.cpp" />
		<Unit filename="gameplay/things/elements/MovementElement.hpp" />
		<Unit filename="gameplay/things/elements/ResourceElement.cpp" />
		<Unit filename="gameplay/things/elements/ResourceElement.hpp" />
		<Unit filename="gameplay/things/elements/ThingElement.cpp" />
		<Unit filename="gameplay/things/elements/ThingElement.hpp" />
		<Unit filename="gameplay/things/elements/TimerElement.cpp" />
		<Unit filename="gameplay/things/elements/TimerElement.hpp" />
		<Unit filename="gameplay/things/events/BoundaryEvent.cpp" />
		<Unit filename="gameplay/things/events/BoundaryEvent.hpp" />
		<Unit filename="gameplay/things/events/CollisionEvent.cpp" />
		<Unit filename="gameplay/things/events/CollisionEvent.hpp" />
		<Unit filename="gameplay/things/events/ThingEvent.cpp" />
		<Unit filename="gameplay/things/events/ThingEvent.hpp" />
		<Unit filename="global.cpp" />
		<Unit filename="global.hpp" />
		<Unit filename="graphics/Animation.cpp" />
		<Unit filename="graphics/Animation.hpp" />
		<Unit filename="graphics/Graphic.cpp" />
		<Unit filename="graphics/Graphic.hpp" />
		<Unit filename="graphics/HeightMesh.cpp" />
		<Unit filename="graphics/HeightMesh.hpp" />
		<Unit filename="graphics/Mesh2D.cpp" />
		<Unit filename="graphics/Mesh2D.hpp" />
		<Unit filename="graphics/Texture.cpp" />
		<Unit filename="graphics/Texture.hpp" />
		<Unit filename="graphics/draw.cpp" />
		<Unit filename="graphics/draw.hpp" />
		<Unit filename="jni_glue.cpp" />
		<Unit filename="main.cpp" />
		<Unit filename="math/Rect.hpp" />
		<Unit filename="math/Rect.inl" />
		<Unit filename="math/V2.hpp" />
		<Unit filename="math/V2.inl" />
		<Unit filename="math/wjd_math.hpp" />
		<Unit filename="platform.hpp" />
		<Unit filename="resources/AudioManager.cpp" />
		<Unit filename="resources/AudioManager.hpp" />
		<Unit filename="resources/GraphicsManager.cpp" />
		<Unit filename="resources/GraphicsManager.hpp" />
		<Unit filename="resources/file.cpp" />
		<Unit filename="resources/file.hpp" />
		<Unit filename="resources/numerise.hpp" />
		<Unit filename="resources/numerise.inl" />
		<Unit filename="scenes/BlackDogState.cpp" />
		<Unit filename="scenes/BlackDogState.hpp" />
		<Unit filename="scenes/Button.cpp" />
		<Unit filename="scenes/Button.hpp" />
		<Unit filename="scenes/Game.cpp" />
		<Unit filename="scenes/Game.hpp" />
		<Unit filename="scenes/GameState.cpp" />
		<Unit filename="scenes/GameState.hpp" />
		<Unit filename="scenes/MainMenu.cpp" />
		<Unit filename="scenes/MainMenu.hpp" />
		<Unit filename="scenes/Scene.cpp" />
		<Unit filename="scenes/Scene.hpp" />
		<Unit filename="scenes/SceneState.cpp" />
		<Unit filename="scenes/SceneState.hpp" />
		<Unit filename="warn.hpp" />
		<Extensions>
			<code_completion />
			<debugger />
		</Extensions>
	</Project>
</CodeBlocks_project_file>
